
Microsoft Visual Studio Solution File, Format Version 12.00
# Visual Studio Version 16
VisualStudioVersion = 16.0.30114.105
MinimumVisualStudioVersion = 10.0.40219.1
Project("{2150E333-8FDC-42A3-9474-1A3956D46DE8}") = "services", "services", "{9A277A93-3A5C-4E7E-A360-7ED4DD0E9DE1}"
EndProject
Project("{2150E333-8FDC-42A3-9474-1A3956D46DE8}") = "building-blocks", "building-blocks", "{ADD5D7BE-7B4A-4BBE-962E-086B3D2F825F}"
EndProject
Project("{FAE04EC0-301F-11D3-BF4B-00C04F79EFBC}") = "BuildingBlocks", "src\BuildingBlocks\BuildingBlocks\BuildingBlocks.csproj", "{E945FBF8-A033-4937-AFDC-74A2F74F425B}"
EndProject
Project("{FAE04EC0-301F-11D3-BF4B-00C04F79EFBC}") = "BuildingBlocks.IntegrationTest", "src\BuildingBlocks\BuildingBlocks.IntegrationTest\BuildingBlocks.IntegrationTest.csproj", "{7C7C0A8A-22C4-4494-94DC-1A05D0E79591}"
EndProject
Project("{2150E333-8FDC-42A3-9474-1A3956D46DE8}") = "ECommerce.Services.Catalogs", "ECommerce.Services.Catalogs", "{7EAF0B75-8327-4D45-92F8-8BE36BD0D147}"
EndProject
Project("{2150E333-8FDC-42A3-9474-1A3956D46DE8}") = "src", "src", "{E53E7978-0502-4A3D-92B4-451BF1FD0AD4}"
EndProject
Project("{2150E333-8FDC-42A3-9474-1A3956D46DE8}") = "tests", "tests", "{9AF80885-870A-4127-9CF7-1B99CF2671BE}"
EndProject
Project("{FAE04EC0-301F-11D3-BF4B-00C04F79EFBC}") = "ECommerce.Services.Catalogs", "src\Services\ECommerce.Services.Catalogs\src\ECommerce.Services.Catalogs\ECommerce.Services.Catalogs.csproj", "{CEFF22DF-6074-4C25-BFF2-6C6BCADD715E}"
EndProject
Project("{FAE04EC0-301F-11D3-BF4B-00C04F79EFBC}") = "ECommerce.Services.Catalogs.Api", "src\Services\ECommerce.Services.Catalogs\src\ECommerce.Services.Catalogs.Api\ECommerce.Services.Catalogs.Api.csproj", "{B8504E2D-840E-46CD-934A-EE5EABD16066}"
EndProject
Project("{2150E333-8FDC-42A3-9474-1A3956D46DE8}") = "ECommerce.Services.Identity", "ECommerce.Services.Identity", "{98F379CC-6634-4FB3-86E2-7079D1EA8F4C}"
EndProject
Project("{2150E333-8FDC-42A3-9474-1A3956D46DE8}") = "ECommerce.Services.Customers", "ECommerce.Services.Customers", "{6CE91630-AA3E-4A7F-AA5D-6C3490C1D58E}"
EndProject
Project("{2150E333-8FDC-42A3-9474-1A3956D46DE8}") = "ECommerce.Services.Orders", "ECommerce.Services.Orders", "{0EB7B65E-E6DA-4B97-B1C2-EFE514BA7656}"
EndProject
Project("{2150E333-8FDC-42A3-9474-1A3956D46DE8}") = "src", "src", "{B183EDBD-0CC1-4867-8D4D-0F5AF3BD799C}"
EndProject
Project("{2150E333-8FDC-42A3-9474-1A3956D46DE8}") = "tests", "tests", "{850B9032-9369-40F4-B5C1-978EC7825620}"
EndProject
Project("{2150E333-8FDC-42A3-9474-1A3956D46DE8}") = "src", "src", "{3E903954-6387-4CCE-B101-F7AF60E380C9}"
EndProject
Project("{2150E333-8FDC-42A3-9474-1A3956D46DE8}") = "tests", "tests", "{2AA1400E-A79C-431A-86F0-E3485CD27D54}"
EndProject
Project("{2150E333-8FDC-42A3-9474-1A3956D46DE8}") = "src", "src", "{DD7A6407-D8DB-4F4E-8DF8-DBE55C7235AE}"
EndProject
Project("{2150E333-8FDC-42A3-9474-1A3956D46DE8}") = "tests", "tests", "{A86438AC-AB01-4A82-8C44-383CFB5319A0}"
EndProject
Project("{FAE04EC0-301F-11D3-BF4B-00C04F79EFBC}") = "ECommerce.Services.Identity", "src\Services\ECommerce.Services.Identity\src\ECommerce.Services.Identity\ECommerce.Services.Identity.csproj", "{79B8D93F-5F03-4F83-A631-4C48ED33E879}"
EndProject
Project("{FAE04EC0-301F-11D3-BF4B-00C04F79EFBC}") = "ECommerce.Services.Identity.Api", "src\Services\ECommerce.Services.Identity\src\ECommerce.Services.Identity.Api\ECommerce.Services.Identity.Api.csproj", "{CC23CA0A-C571-497E-9A53-12FE84DCB281}"
EndProject
Project("{FAE04EC0-301F-11D3-BF4B-00C04F79EFBC}") = "ECommerce.Services.Customers.Api", "src\Services\ECommerce.Services.Customers\src\ECommerce.Services.Customers.Api\ECommerce.Services.Customers.Api.csproj", "{9375CD26-E325-47B6-9A97-D2302AB7307E}"
EndProject
Project("{FAE04EC0-301F-11D3-BF4B-00C04F79EFBC}") = "ECommerce.Services.Customers", "src\Services\ECommerce.Services.Customers\src\ECommerce.Services.Customers\ECommerce.Services.Customers.csproj", "{2C11A090-5BA7-4FA5-B2B9-F2B9938A8016}"
EndProject
Project("{FAE04EC0-301F-11D3-BF4B-00C04F79EFBC}") = "ECommerce.Services.Orders", "src\Services\ECommerce.Services.Orders\src\ECommerce.Services.Orders\ECommerce.Services.Orders.csproj", "{42CC1064-1F83-4522-AFB3-FFEA78C71069}"
EndProject
Project("{FAE04EC0-301F-11D3-BF4B-00C04F79EFBC}") = "ECommerce.Services.Orders.Api", "src\Services\ECommerce.Services.Orders\src\ECommerce.Services.Orders.Api\ECommerce.Services.Orders.Api.csproj", "{CADC6C4D-7663-4F3F-9D06-8BF7B9B5D258}"
EndProject
Project("{2150E333-8FDC-42A3-9474-1A3956D46DE8}") = "_clients", "_clients", "{4A09493C-0999-474F-AC85-71398BCD69F9}"
	ProjectSection(SolutionItems) = preProject
		_httpclients\http-client.env.json = _httpclients\http-client.env.json
	EndProjectSection
EndProject
Project("{2150E333-8FDC-42A3-9474-1A3956D46DE8}") = "Identity", "Identity", "{B3B8C461-226D-4EFA-905E-E1BDC4CAA678}"
	ProjectSection(SolutionItems) = preProject
		_httpclients\identity\identity.rest = _httpclients\identity\identity.rest
	EndProjectSection
EndProject
Project("{2150E333-8FDC-42A3-9474-1A3956D46DE8}") = "catalog", "catalog", "{99CDE343-6150-4E78-B395-FAD076E9603D}"
	ProjectSection(SolutionItems) = preProject
		_httpclients\catalogs\catalogs.rest = _httpclients\catalogs\catalogs.rest
	EndProjectSection
EndProject
Project("{2150E333-8FDC-42A3-9474-1A3956D46DE8}") = "customers", "customers", "{538D1306-49AF-43C0-8D06-72437B44BB65}"
	ProjectSection(SolutionItems) = preProject
		_httpclients\customers\customers.rest = _httpclients\customers\customers.rest
	EndProjectSection
EndProject
Project("{2150E333-8FDC-42A3-9474-1A3956D46DE8}") = "rabbitmq", "rabbitmq", "{3E4781A4-44AD-4298-B627-50C8F8BC478A}"
	ProjectSection(SolutionItems) = preProject
		_httpclients\rabbitmq\rabbitmq.rest = _httpclients\rabbitmq\rabbitmq.rest
	EndProjectSection
EndProject
Global
	GlobalSection(SolutionConfigurationPlatforms) = preSolution
		Debug|Any CPU = Debug|Any CPU
		Release|Any CPU = Release|Any CPU
	EndGlobalSection
	GlobalSection(SolutionProperties) = preSolution
		HideSolutionNode = FALSE
	EndGlobalSection
	GlobalSection(NestedProjects) = preSolution
		{E945FBF8-A033-4937-AFDC-74A2F74F425B} = {ADD5D7BE-7B4A-4BBE-962E-086B3D2F825F}
		{7C7C0A8A-22C4-4494-94DC-1A05D0E79591} = {ADD5D7BE-7B4A-4BBE-962E-086B3D2F825F}
		{7EAF0B75-8327-4D45-92F8-8BE36BD0D147} = {9A277A93-3A5C-4E7E-A360-7ED4DD0E9DE1}
		{E53E7978-0502-4A3D-92B4-451BF1FD0AD4} = {7EAF0B75-8327-4D45-92F8-8BE36BD0D147}
		{9AF80885-870A-4127-9CF7-1B99CF2671BE} = {7EAF0B75-8327-4D45-92F8-8BE36BD0D147}
		{CEFF22DF-6074-4C25-BFF2-6C6BCADD715E} = {E53E7978-0502-4A3D-92B4-451BF1FD0AD4}
		{B8504E2D-840E-46CD-934A-EE5EABD16066} = {E53E7978-0502-4A3D-92B4-451BF1FD0AD4}
		{98F379CC-6634-4FB3-86E2-7079D1EA8F4C} = {9A277A93-3A5C-4E7E-A360-7ED4DD0E9DE1}
		{6CE91630-AA3E-4A7F-AA5D-6C3490C1D58E} = {9A277A93-3A5C-4E7E-A360-7ED4DD0E9DE1}
		{0EB7B65E-E6DA-4B97-B1C2-EFE514BA7656} = {9A277A93-3A5C-4E7E-A360-7ED4DD0E9DE1}
		{B183EDBD-0CC1-4867-8D4D-0F5AF3BD799C} = {6CE91630-AA3E-4A7F-AA5D-6C3490C1D58E}
		{850B9032-9369-40F4-B5C1-978EC7825620} = {6CE91630-AA3E-4A7F-AA5D-6C3490C1D58E}
		{3E903954-6387-4CCE-B101-F7AF60E380C9} = {98F379CC-6634-4FB3-86E2-7079D1EA8F4C}
		{2AA1400E-A79C-431A-86F0-E3485CD27D54} = {98F379CC-6634-4FB3-86E2-7079D1EA8F4C}
		{DD7A6407-D8DB-4F4E-8DF8-DBE55C7235AE} = {0EB7B65E-E6DA-4B97-B1C2-EFE514BA7656}
		{A86438AC-AB01-4A82-8C44-383CFB5319A0} = {0EB7B65E-E6DA-4B97-B1C2-EFE514BA7656}
		{79B8D93F-5F03-4F83-A631-4C48ED33E879} = {3E903954-6387-4CCE-B101-F7AF60E380C9}
		{CC23CA0A-C571-497E-9A53-12FE84DCB281} = {3E903954-6387-4CCE-B101-F7AF60E380C9}
		{9375CD26-E325-47B6-9A97-D2302AB7307E} = {B183EDBD-0CC1-4867-8D4D-0F5AF3BD799C}
		{2C11A090-5BA7-4FA5-B2B9-F2B9938A8016} = {B183EDBD-0CC1-4867-8D4D-0F5AF3BD799C}
		{42CC1064-1F83-4522-AFB3-FFEA78C71069} = {DD7A6407-D8DB-4F4E-8DF8-DBE55C7235AE}
		{CADC6C4D-7663-4F3F-9D06-8BF7B9B5D258} = {DD7A6407-D8DB-4F4E-8DF8-DBE55C7235AE}
		{B3B8C461-226D-4EFA-905E-E1BDC4CAA678} = {4A09493C-0999-474F-AC85-71398BCD69F9}
		{99CDE343-6150-4E78-B395-FAD076E9603D} = {4A09493C-0999-474F-AC85-71398BCD69F9}
		{538D1306-49AF-43C0-8D06-72437B44BB65} = {4A09493C-0999-474F-AC85-71398BCD69F9}
		{3E4781A4-44AD-4298-B627-50C8F8BC478A} = {4A09493C-0999-474F-AC85-71398BCD69F9}
	EndGlobalSection
	GlobalSection(ProjectConfigurationPlatforms) = postSolution
		{E945FBF8-A033-4937-AFDC-74A2F74F425B}.Debug|Any CPU.ActiveCfg = Debug|Any CPU
		{E945FBF8-A033-4937-AFDC-74A2F74F425B}.Debug|Any CPU.Build.0 = Debug|Any CPU
		{E945FBF8-A033-4937-AFDC-74A2F74F425B}.Release|Any CPU.ActiveCfg = Release|Any CPU
		{E945FBF8-A033-4937-AFDC-74A2F74F425B}.Release|Any CPU.Build.0 = Release|Any CPU
		{7C7C0A8A-22C4-4494-94DC-1A05D0E79591}.Debug|Any CPU.ActiveCfg = Debug|Any CPU
		{7C7C0A8A-22C4-4494-94DC-1A05D0E79591}.Debug|Any CPU.Build.0 = Debug|Any CPU
		{7C7C0A8A-22C4-4494-94DC-1A05D0E79591}.Release|Any CPU.ActiveCfg = Release|Any CPU
		{7C7C0A8A-22C4-4494-94DC-1A05D0E79591}.Release|Any CPU.Build.0 = Release|Any CPU
		{CEFF22DF-6074-4C25-BFF2-6C6BCADD715E}.Debug|Any CPU.ActiveCfg = Debug|Any CPU
		{CEFF22DF-6074-4C25-BFF2-6C6BCADD715E}.Debug|Any CPU.Build.0 = Debug|Any CPU
		{CEFF22DF-6074-4C25-BFF2-6C6BCADD715E}.Release|Any CPU.ActiveCfg = Release|Any CPU
		{CEFF22DF-6074-4C25-BFF2-6C6BCADD715E}.Release|Any CPU.Build.0 = Release|Any CPU
		{B8504E2D-840E-46CD-934A-EE5EABD16066}.Debug|Any CPU.ActiveCfg = Debug|Any CPU
		{B8504E2D-840E-46CD-934A-EE5EABD16066}.Debug|Any CPU.Build.0 = Debug|Any CPU
		{B8504E2D-840E-46CD-934A-EE5EABD16066}.Release|Any CPU.ActiveCfg = Release|Any CPU
		{B8504E2D-840E-46CD-934A-EE5EABD16066}.Release|Any CPU.Build.0 = Release|Any CPU
		{79B8D93F-5F03-4F83-A631-4C48ED33E879}.Debug|Any CPU.ActiveCfg = Debug|Any CPU
		{79B8D93F-5F03-4F83-A631-4C48ED33E879}.Debug|Any CPU.Build.0 = Debug|Any CPU
		{79B8D93F-5F03-4F83-A631-4C48ED33E879}.Release|Any CPU.ActiveCfg = Release|Any CPU
		{79B8D93F-5F03-4F83-A631-4C48ED33E879}.Release|Any CPU.Build.0 = Release|Any CPU
		{CC23CA0A-C571-497E-9A53-12FE84DCB281}.Debug|Any CPU.ActiveCfg = Debug|Any CPU
		{CC23CA0A-C571-497E-9A53-12FE84DCB281}.Debug|Any CPU.Build.0 = Debug|Any CPU
		{CC23CA0A-C571-497E-9A53-12FE84DCB281}.Release|Any CPU.ActiveCfg = Release|Any CPU
		{CC23CA0A-C571-497E-9A53-12FE84DCB281}.Release|Any CPU.Build.0 = Release|Any CPU
		{9375CD26-E325-47B6-9A97-D2302AB7307E}.Debug|Any CPU.ActiveCfg = Debug|Any CPU
		{9375CD26-E325-47B6-9A97-D2302AB7307E}.Debug|Any CPU.Build.0 = Debug|Any CPU
		{9375CD26-E325-47B6-9A97-D2302AB7307E}.Release|Any CPU.ActiveCfg = Release|Any CPU
		{9375CD26-E325-47B6-9A97-D2302AB7307E}.Release|Any CPU.Build.0 = Release|Any CPU
		{2C11A090-5BA7-4FA5-B2B9-F2B9938A8016}.Debug|Any CPU.ActiveCfg = Debug|Any CPU
		{2C11A090-5BA7-4FA5-B2B9-F2B9938A8016}.Debug|Any CPU.Build.0 = Debug|Any CPU
		{2C11A090-5BA7-4FA5-B2B9-F2B9938A8016}.Release|Any CPU.ActiveCfg = Release|Any CPU
		{2C11A090-5BA7-4FA5-B2B9-F2B9938A8016}.Release|Any CPU.Build.0 = Release|Any CPU
		{42CC1064-1F83-4522-AFB3-FFEA78C71069}.Debug|Any CPU.ActiveCfg = Debug|Any CPU
		{42CC1064-1F83-4522-AFB3-FFEA78C71069}.Debug|Any CPU.Build.0 = Debug|Any CPU
		{42CC1064-1F83-4522-AFB3-FFEA78C71069}.Release|Any CPU.ActiveCfg = Release|Any CPU
		{42CC1064-1F83-4522-AFB3-FFEA78C71069}.Release|Any CPU.Build.0 = Release|Any CPU
		{CADC6C4D-7663-4F3F-9D06-8BF7B9B5D258}.Debug|Any CPU.ActiveCfg = Debug|Any CPU
		{CADC6C4D-7663-4F3F-9D06-8BF7B9B5D258}.Debug|Any CPU.Build.0 = Debug|Any CPU
		{CADC6C4D-7663-4F3F-9D06-8BF7B9B5D258}.Release|Any CPU.ActiveCfg = Release|Any CPU
		{CADC6C4D-7663-4F3F-9D06-8BF7B9B5D258}.Release|Any CPU.Build.0 = Release|Any CPU
	EndGlobalSection
EndGlobal
