
Microsoft Visual Studio Solution File, Format Version 12.00
# Visual Studio Version 16
VisualStudioVersion = 16.0.30114.105
MinimumVisualStudioVersion = 10.0.40219.1
Project("{2150E333-8FDC-42A3-9474-1A3956D46DE8}") = "App", "App", "{0E7832C6-4B66-42F9-B67C-DC1738B9C249}"
EndProject
Project("{2150E333-8FDC-42A3-9474-1A3956D46DE8}") = "BuildingBlocks", "BuildingBlocks", "{42A7B5FC-509B-408E-AD89-0E555C5CF911}"
EndProject
Project("{2150E333-8FDC-42A3-9474-1A3956D46DE8}") = "Identity", "Identity", "{15340BA6-7EDD-4D6B-B41F-D9F3E1698203}"
EndProject
Project("{FAE04EC0-301F-11D3-BF4B-00C04F79EFBC}") = "Shop", "src\Application\Shop\Shop.csproj", "{94ACFCFC-AF85-40FE-BE24-994985EEB5E8}"
EndProject
Project("{FAE04EC0-301F-11D3-BF4B-00C04F79EFBC}") = "Shop.Api", "src\Application\Shop.Api\Shop.Api.csproj", "{5F07B23F-4E30-4743-B422-09053E89CC6F}"
EndProject
Project("{FAE04EC0-301F-11D3-BF4B-00C04F79EFBC}") = "BuildingBlocks", "src\BuildingBlocks\BuildingBlocks\BuildingBlocks.csproj", "{F791D62E-2171-48B7-A34D-B8C487107B49}"
EndProject
Project("{FAE04EC0-301F-11D3-BF4B-00C04F79EFBC}") = "BuildingBlocks.IntegrationTest", "src\BuildingBlocks\BuildingBlocks.IntegrationTest\BuildingBlocks.IntegrationTest.csproj", "{259328B8-3518-4E32-BB87-53352EB2703B}"
EndProject
Project("{FAE04EC0-301F-11D3-BF4B-00C04F79EFBC}") = "Identity.Api", "src\Identity\Identity.Api\Identity.Api.csproj", "{EDA929B4-8D2C-43DF-80F0-87E1A2C8063C}"
EndProject
Project("{FAE04EC0-301F-11D3-BF4B-00C04F79EFBC}") = "Identity", "src\Identity\Identity\Identity.csproj", "{F338331C-5C64-4E46-ACF7-B2D669109479}"
EndProject
Global
	GlobalSection(SolutionConfigurationPlatforms) = preSolution
		Debug|Any CPU = Debug|Any CPU
		Release|Any CPU = Release|Any CPU
	EndGlobalSection
	GlobalSection(SolutionProperties) = preSolution
		HideSolutionNode = FALSE
	EndGlobalSection
	GlobalSection(NestedProjects) = preSolution
		{94ACFCFC-AF85-40FE-BE24-994985EEB5E8} = {0E7832C6-4B66-42F9-B67C-DC1738B9C249}
		{5F07B23F-4E30-4743-B422-09053E89CC6F} = {0E7832C6-4B66-42F9-B67C-DC1738B9C249}
		{F791D62E-2171-48B7-A34D-B8C487107B49} = {42A7B5FC-509B-408E-AD89-0E555C5CF911}
		{259328B8-3518-4E32-BB87-53352EB2703B} = {42A7B5FC-509B-408E-AD89-0E555C5CF911}
		{EDA929B4-8D2C-43DF-80F0-87E1A2C8063C} = {15340BA6-7EDD-4D6B-B41F-D9F3E1698203}
		{F338331C-5C64-4E46-ACF7-B2D669109479} = {15340BA6-7EDD-4D6B-B41F-D9F3E1698203}
	EndGlobalSection
	GlobalSection(ProjectConfigurationPlatforms) = postSolution
		{94ACFCFC-AF85-40FE-BE24-994985EEB5E8}.Debug|Any CPU.ActiveCfg = Debug|Any CPU
		{94ACFCFC-AF85-40FE-BE24-994985EEB5E8}.Debug|Any CPU.Build.0 = Debug|Any CPU
		{94ACFCFC-AF85-40FE-BE24-994985EEB5E8}.Release|Any CPU.ActiveCfg = Release|Any CPU
		{94ACFCFC-AF85-40FE-BE24-994985EEB5E8}.Release|Any CPU.Build.0 = Release|Any CPU
		{5F07B23F-4E30-4743-B422-09053E89CC6F}.Debug|Any CPU.ActiveCfg = Debug|Any CPU
		{5F07B23F-4E30-4743-B422-09053E89CC6F}.Debug|Any CPU.Build.0 = Debug|Any CPU
		{5F07B23F-4E30-4743-B422-09053E89CC6F}.Release|Any CPU.ActiveCfg = Release|Any CPU
		{5F07B23F-4E30-4743-B422-09053E89CC6F}.Release|Any CPU.Build.0 = Release|Any CPU
		{F791D62E-2171-48B7-A34D-B8C487107B49}.Debug|Any CPU.ActiveCfg = Debug|Any CPU
		{F791D62E-2171-48B7-A34D-B8C487107B49}.Debug|Any CPU.Build.0 = Debug|Any CPU
		{F791D62E-2171-48B7-A34D-B8C487107B49}.Release|Any CPU.ActiveCfg = Release|Any CPU
		{F791D62E-2171-48B7-A34D-B8C487107B49}.Release|Any CPU.Build.0 = Release|Any CPU
		{259328B8-3518-4E32-BB87-53352EB2703B}.Debug|Any CPU.ActiveCfg = Debug|Any CPU
		{259328B8-3518-4E32-BB87-53352EB2703B}.Debug|Any CPU.Build.0 = Debug|Any CPU
		{259328B8-3518-4E32-BB87-53352EB2703B}.Release|Any CPU.ActiveCfg = Release|Any CPU
		{259328B8-3518-4E32-BB87-53352EB2703B}.Release|Any CPU.Build.0 = Release|Any CPU
		{EDA929B4-8D2C-43DF-80F0-87E1A2C8063C}.Debug|Any CPU.ActiveCfg = Debug|Any CPU
		{EDA929B4-8D2C-43DF-80F0-87E1A2C8063C}.Debug|Any CPU.Build.0 = Debug|Any CPU
		{EDA929B4-8D2C-43DF-80F0-87E1A2C8063C}.Release|Any CPU.ActiveCfg = Release|Any CPU
		{EDA929B4-8D2C-43DF-80F0-87E1A2C8063C}.Release|Any CPU.Build.0 = Release|Any CPU
		{F338331C-5C64-4E46-ACF7-B2D669109479}.Debug|Any CPU.ActiveCfg = Debug|Any CPU
		{F338331C-5C64-4E46-ACF7-B2D669109479}.Debug|Any CPU.Build.0 = Debug|Any CPU
		{F338331C-5C64-4E46-ACF7-B2D669109479}.Release|Any CPU.ActiveCfg = Release|Any CPU
		{F338331C-5C64-4E46-ACF7-B2D669109479}.Release|Any CPU.Build.0 = Release|Any CPU
	EndGlobalSection
EndGlobal
